
Microsoft Visual Studio Solution File, Format Version 12.00
# Visual Studio Version 17
VisualStudioVersion = 17.10.34707.107
MinimumVisualStudioVersion = 10.0.40219.1
Project("{A0786B88-2ADB-4C21-ABE8-AA2D79766269}") = "PHPConsoleProject4", "PHPConsoleProject4\PHPConsoleProject4.phpproj", "{5BC70059-192D-415E-B0F6-BBEBE8DB405E}"
EndProject
Global
	GlobalSection(SolutionConfigurationPlatforms) = preSolution
		Debug|Any CPU = Debug|Any CPU
		Release|Any CPU = Release|Any CPU
	EndGlobalSection
	GlobalSection(ProjectConfigurationPlatforms) = postSolution
		{5BC70059-192D-415E-B0F6-BBEBE8DB405E}.Debug|Any CPU.ActiveCfg = Debug|Any CPU
		{5BC70059-192D-415E-B0F6-BBEBE8DB405E}.Debug|Any CPU.Build.0 = Debug|Any CPU
		{5BC70059-192D-415E-B0F6-BBEBE8DB405E}.Release|Any CPU.ActiveCfg = Release|Any CPU
		{5BC70059-192D-415E-B0F6-BBEBE8DB405E}.Release|Any CPU.Build.0 = Release|Any CPU
	EndGlobalSection
	GlobalSection(SolutionProperties) = preSolution
		HideSolutionNode = FALSE
	EndGlobalSection
	GlobalSection(ExtensibilityGlobals) = postSolution
		SolutionGuid = {FB07C0F7-8A4B-41D6-8465-8F7D065D3745}
	EndGlobalSection
EndGlobal
